// !$*UTF8*$!
{
	archiveVersion = 1;
	classes = {
	};
	objectVersion = 50;
	objects = {

/* Begin PBXBuildFile section */
		D4F0C23E249DCFCF00283BE1 /* AppDelegate.swift in Sources */ = {isa = PBXBuildFile; fileRef = D4F0C23D249DCFCF00283BE1 /* AppDelegate.swift */; };
		D4F0C240249DCFCF00283BE1 /* SceneDelegate.swift in Sources */ = {isa = PBXBuildFile; fileRef = D4F0C23F249DCFCF00283BE1 /* SceneDelegate.swift */; };
		D4F0C245249DCFCF00283BE1 /* Main.storyboard in Resources */ = {isa = PBXBuildFile; fileRef = D4F0C243249DCFCF00283BE1 /* Main.storyboard */; };
		D4F0C247249DCFD200283BE1 /* Assets.xcassets in Resources */ = {isa = PBXBuildFile; fileRef = D4F0C246249DCFD200283BE1 /* Assets.xcassets */; };
		D4F0C24A249DCFD200283BE1 /* LaunchScreen.storyboard in Resources */ = {isa = PBXBuildFile; fileRef = D4F0C248249DCFD200283BE1 /* LaunchScreen.storyboard */; };
		D4F0C252249DD02600283BE1 /* Extension.swift in Sources */ = {isa = PBXBuildFile; fileRef = D4F0C251249DD02600283BE1 /* Extension.swift */; };
		D4F0C254249DD05700283BE1 /* SplashScreen.swift in Sources */ = {isa = PBXBuildFile; fileRef = D4F0C253249DD05700283BE1 /* SplashScreen.swift */; };
		D4F0C256249DD07500283BE1 /* TranslationScreen.swift in Sources */ = {isa = PBXBuildFile; fileRef = D4F0C255249DD07500283BE1 /* TranslationScreen.swift */; };
		D4F0C258249DD0BB00283BE1 /* APIManager.swift in Sources */ = {isa = PBXBuildFile; fileRef = D4F0C257249DD0BB00283BE1 /* APIManager.swift */; };
		D4F0C25A249DD0DB00283BE1 /* NetworkManager.swift in Sources */ = {isa = PBXBuildFile; fileRef = D4F0C259249DD0DB00283BE1 /* NetworkManager.swift */; };
		D4F0C25C249DD0F800283BE1 /* DLogs.swift in Sources */ = {isa = PBXBuildFile; fileRef = D4F0C25B249DD0F800283BE1 /* DLogs.swift */; };
		D4F0C25E249DD65C00283BE1 /* OCR.swift in Sources */ = {isa = PBXBuildFile; fileRef = D4F0C25D249DD65C00283BE1 /* OCR.swift */; };
/* End PBXBuildFile section */

/* Begin PBXFileReference section */
		D4F0C23A249DCFCF00283BE1 /* Microsoft-OCR-Translation.app */ = {isa = PBXFileReference; explicitFileType = wrapper.application; includeInIndex = 0; path = "Microsoft-OCR-Translation.app"; sourceTree = BUILT_PRODUCTS_DIR; };
		D4F0C23D249DCFCF00283BE1 /* AppDelegate.swift */ = {isa = PBXFileReference; lastKnownFileType = sourcecode.swift; path = AppDelegate.swift; sourceTree = "<group>"; };
		D4F0C23F249DCFCF00283BE1 /* SceneDelegate.swift */ = {isa = PBXFileReference; lastKnownFileType = sourcecode.swift; path = SceneDelegate.swift; sourceTree = "<group>"; };
		D4F0C244249DCFCF00283BE1 /* Base */ = {isa = PBXFileReference; lastKnownFileType = file.storyboard; name = Base; path = Base.lproj/Main.storyboard; sourceTree = "<group>"; };
		D4F0C246249DCFD200283BE1 /* Assets.xcassets */ = {isa = PBXFileReference; lastKnownFileType = folder.assetcatalog; path = Assets.xcassets; sourceTree = "<group>"; };
		D4F0C249249DCFD200283BE1 /* Base */ = {isa = PBXFileReference; lastKnownFileType = file.storyboard; name = Base; path = Base.lproj/LaunchScreen.storyboard; sourceTree = "<group>"; };
		D4F0C24B249DCFD200283BE1 /* Info.plist */ = {isa = PBXFileReference; lastKnownFileType = text.plist.xml; path = Info.plist; sourceTree = "<group>"; };
		D4F0C251249DD02600283BE1 /* Extension.swift */ = {isa = PBXFileReference; lastKnownFileType = sourcecode.swift; path = Extension.swift; sourceTree = "<group>"; };
		D4F0C253249DD05700283BE1 /* SplashScreen.swift */ = {isa = PBXFileReference; lastKnownFileType = sourcecode.swift; path = SplashScreen.swift; sourceTree = "<group>"; };
		D4F0C255249DD07500283BE1 /* TranslationScreen.swift */ = {isa = PBXFileReference; lastKnownFileType = sourcecode.swift; path = TranslationScreen.swift; sourceTree = "<group>"; };
		D4F0C257249DD0BB00283BE1 /* APIManager.swift */ = {isa = PBXFileReference; lastKnownFileType = sourcecode.swift; path = APIManager.swift; sourceTree = "<group>"; };
		D4F0C259249DD0DB00283BE1 /* NetworkManager.swift */ = {isa = PBXFileReference; lastKnownFileType = sourcecode.swift; path = NetworkManager.swift; sourceTree = "<group>"; };
		D4F0C25B249DD0F800283BE1 /* DLogs.swift */ = {isa = PBXFileReference; lastKnownFileType = sourcecode.swift; path = DLogs.swift; sourceTree = "<group>"; };
		D4F0C25D249DD65C00283BE1 /* OCR.swift */ = {isa = PBXFileReference; lastKnownFileType = sourcecode.swift; path = OCR.swift; sourceTree = "<group>"; };
/* End PBXFileReference section */

/* Begin PBXFrameworksBuildPhase section */
		D4F0C237249DCFCE00283BE1 /* Frameworks */ = {
			isa = PBXFrameworksBuildPhase;
			buildActionMask = 2147483647;
			files = (
			);
			runOnlyForDeploymentPostprocessing = 0;
		};
/* End PBXFrameworksBuildPhase section */

/* Begin PBXGroup section */
		D4F0C231249DCFCE00283BE1 = {
			isa = PBXGroup;
			children = (
				D4F0C23C249DCFCF00283BE1 /* Microsoft-OCR-Translation */,
				D4F0C23B249DCFCF00283BE1 /* Products */,
			);
			sourceTree = "<group>";
		};
		D4F0C23B249DCFCF00283BE1 /* Products */ = {
			isa = PBXGroup;
			children = (
				D4F0C23A249DCFCF00283BE1 /* Microsoft-OCR-Translation.app */,
			);
			name = Products;
			sourceTree = "<group>";
		};
		D4F0C23C249DCFCF00283BE1 /* Microsoft-OCR-Translation */ = {
			isa = PBXGroup;
			children = (
				D4F0C23D249DCFCF00283BE1 /* AppDelegate.swift */,
				D4F0C23F249DCFCF00283BE1 /* SceneDelegate.swift */,
				D4F0C251249DD02600283BE1 /* Extension.swift */,
				D4F0C253249DD05700283BE1 /* SplashScreen.swift */,
				D4F0C255249DD07500283BE1 /* TranslationScreen.swift */,
				D4F0C257249DD0BB00283BE1 /* APIManager.swift */,
				D4F0C259249DD0DB00283BE1 /* NetworkManager.swift */,
				D4F0C25D249DD65C00283BE1 /* OCR.swift */,
				D4F0C25B249DD0F800283BE1 /* DLogs.swift */,
				D4F0C243249DCFCF00283BE1 /* Main.storyboard */,
				D4F0C246249DCFD200283BE1 /* Assets.xcassets */,
				D4F0C248249DCFD200283BE1 /* LaunchScreen.storyboard */,
				D4F0C24B249DCFD200283BE1 /* Info.plist */,
			);
			path = "Microsoft-OCR-Translation";
			sourceTree = "<group>";
		};
/* End PBXGroup section */

/* Begin PBXNativeTarget section */
		D4F0C239249DCFCE00283BE1 /* Microsoft-OCR-Translation */ = {
			isa = PBXNativeTarget;
			buildConfigurationList = D4F0C24E249DCFD200283BE1 /* Build configuration list for PBXNativeTarget "Microsoft-OCR-Translation" */;
			buildPhases = (
				D4F0C236249DCFCE00283BE1 /* Sources */,
				D4F0C237249DCFCE00283BE1 /* Frameworks */,
				D4F0C238249DCFCE00283BE1 /* Resources */,
			);
			buildRules = (
			);
			dependencies = (
			);
			name = "Microsoft-OCR-Translation";
			productName = "Microsoft-OCR-Translation";
			productReference = D4F0C23A249DCFCF00283BE1 /* Microsoft-OCR-Translation.app */;
			productType = "com.apple.product-type.application";
		};
/* End PBXNativeTarget section */

/* Begin PBXProject section */
		D4F0C232249DCFCE00283BE1 /* Project object */ = {
			isa = PBXProject;
			attributes = {
				LastSwiftUpdateCheck = 1130;
				LastUpgradeCheck = 1130;
				ORGANIZATIONNAME = "Pawan Kumar";
				TargetAttributes = {
					D4F0C239249DCFCE00283BE1 = {
						CreatedOnToolsVersion = 11.3;
					};
				};
			};
			buildConfigurationList = D4F0C235249DCFCE00283BE1 /* Build configuration list for PBXProject "Microsoft-OCR-Translation" */;
			compatibilityVersion = "Xcode 9.3";
			developmentRegion = en;
			hasScannedForEncodings = 0;
			knownRegions = (
				en,
				Base,
			);
			mainGroup = D4F0C231249DCFCE00283BE1;
			productRefGroup = D4F0C23B249DCFCF00283BE1 /* Products */;
			projectDirPath = "";
			projectRoot = "";
			targets = (
				D4F0C239249DCFCE00283BE1 /* Microsoft-OCR-Translation */,
			);
		};
/* End PBXProject section */

/* Begin PBXResourcesBuildPhase section */
		D4F0C238249DCFCE00283BE1 /* Resources */ = {
			isa = PBXResourcesBuildPhase;
			buildActionMask = 2147483647;
			files = (
				D4F0C24A249DCFD200283BE1 /* LaunchScreen.storyboard in Resources */,
				D4F0C247249DCFD200283BE1 /* Assets.xcassets in Resources */,
				D4F0C245249DCFCF00283BE1 /* Main.storyboard in Resources */,
			);
			runOnlyForDeploymentPostprocessing = 0;
		};
/* End PBXResourcesBuildPhase section */

/* Begin PBXSourcesBuildPhase section */
		D4F0C236249DCFCE00283BE1 /* Sources */ = {
			isa = PBXSourcesBuildPhase;
			buildActionMask = 2147483647;
			files = (
				D4F0C258249DD0BB00283BE1 /* APIManager.swift in Sources */,
				D4F0C254249DD05700283BE1 /* SplashScreen.swift in Sources */,
				D4F0C256249DD07500283BE1 /* TranslationScreen.swift in Sources */,
				D4F0C25E249DD65C00283BE1 /* OCR.swift in Sources */,
				D4F0C25A249DD0DB00283BE1 /* NetworkManager.swift in Sources */,
				D4F0C23E249DCFCF00283BE1 /* AppDelegate.swift in Sources */,
				D4F0C240249DCFCF00283BE1 /* SceneDelegate.swift in Sources */,
				D4F0C252249DD02600283BE1 /* Extension.swift in Sources */,
				D4F0C25C249DD0F800283BE1 /* DLogs.swift in Sources */,
			);
			runOnlyForDeploymentPostprocessing = 0;
		};
/* End PBXSourcesBuildPhase section */

/* Begin PBXVariantGroup section */
		D4F0C243249DCFCF00283BE1 /* Main.storyboard */ = {
			isa = PBXVariantGroup;
			children = (
				D4F0C244249DCFCF00283BE1 /* Base */,
			);
			name = Main.storyboard;
			sourceTree = "<group>";
		};
		D4F0C248249DCFD200283BE1 /* LaunchScreen.storyboard */ = {
			isa = PBXVariantGroup;
			children = (
				D4F0C249249DCFD200283BE1 /* Base */,
			);
			name = LaunchScreen.storyboard;
			sourceTree = "<group>";
		};
/* End PBXVariantGroup section */

/* Begin XCBuildConfiguration section */
		D4F0C24C249DCFD200283BE1 /* Debug */ = {
			isa = XCBuildConfiguration;
			buildSettings = {
				ALWAYS_SEARCH_USER_PATHS = NO;
				CLANG_ANALYZER_NONNULL = YES;
				CLANG_ANALYZER_NUMBER_OBJECT_CONVERSION = YES_AGGRESSIVE;
				CLANG_CXX_LANGUAGE_STANDARD = "gnu++14";
				CLANG_CXX_LIBRARY = "libc++";
				CLANG_ENABLE_MODULES = YES;
				CLANG_ENABLE_OBJC_ARC = YES;
				CLANG_ENABLE_OBJC_WEAK = YES;
				CLANG_WARN_BLOCK_CAPTURE_AUTORELEASING = YES;
				CLANG_WARN_BOOL_CONVERSION = YES;
				CLANG_WARN_COMMA = YES;
				CLANG_WARN_CONSTANT_CONVERSION = YES;
				CLANG_WARN_DEPRECATED_OBJC_IMPLEMENTATIONS = YES;
				CLANG_WARN_DIRECT_OBJC_ISA_USAGE = YES_ERROR;
				CLANG_WARN_DOCUMENTATION_COMMENTS = YES;
				CLANG_WARN_EMPTY_BODY = YES;
				CLANG_WARN_ENUM_CONVERSION = YES;
				CLANG_WARN_INFINITE_RECURSION = YES;
				CLANG_WARN_INT_CONVERSION = YES;
				CLANG_WARN_NON_LITERAL_NULL_CONVERSION = YES;
				CLANG_WARN_OBJC_IMPLICIT_RETAIN_SELF = YES;
				CLANG_WARN_OBJC_LITERAL_CONVERSION = YES;
				CLANG_WARN_OBJC_ROOT_CLASS = YES_ERROR;
				CLANG_WARN_RANGE_LOOP_ANALYSIS = YES;
				CLANG_WARN_STRICT_PROTOTYPES = YES;
				CLANG_WARN_SUSPICIOUS_MOVE = YES;
				CLANG_WARN_UNGUARDED_AVAILABILITY = YES_AGGRESSIVE;
				CLANG_WARN_UNREACHABLE_CODE = YES;
				CLANG_WARN__DUPLICATE_METHOD_MATCH = YES;
				COPY_PHASE_STRIP = NO;
				DEBUG_INFORMATION_FORMAT = dwarf;
				ENABLE_STRICT_OBJC_MSGSEND = YES;
				ENABLE_TESTABILITY = YES;
				GCC_C_LANGUAGE_STANDARD = gnu11;
				GCC_DYNAMIC_NO_PIC = NO;
				GCC_NO_COMMON_BLOCKS = YES;
				GCC_OPTIMIZATION_LEVEL = 0;
				GCC_PREPROCESSOR_DEFINITIONS = (
					"DEBUG=1",
					"$(inherited)",
				);
				GCC_WARN_64_TO_32_BIT_CONVERSION = YES;
				GCC_WARN_ABOUT_RETURN_TYPE = YES_ERROR;
				GCC_WARN_UNDECLARED_SELECTOR = YES;
				GCC_WARN_UNINITIALIZED_AUTOS = YES_AGGRESSIVE;
				GCC_WARN_UNUSED_FUNCTION = YES;
				GCC_WARN_UNUSED_VARIABLE = YES;
				IPHONEOS_DEPLOYMENT_TARGET = 13.2;
				MTL_ENABLE_DEBUG_INFO = INCLUDE_SOURCE;
				MTL_FAST_MATH = YES;
				ONLY_ACTIVE_ARCH = YES;
				SDKROOT = iphoneos;
				SWIFT_ACTIVE_COMPILATION_CONDITIONS = DEBUG;
				SWIFT_OPTIMIZATION_LEVEL = "-Onone";
			};
			name = Debug;
		};
		D4F0C24D249DCFD200283BE1 /* Release */ = {
			isa = XCBuildConfiguration;
			buildSettings = {
				ALWAYS_SEARCH_USER_PATHS = NO;
				CLANG_ANALYZER_NONNULL = YES;
				CLANG_ANALYZER_NUMBER_OBJECT_CONVERSION = YES_AGGRESSIVE;
				CLANG_CXX_LANGUAGE_STANDARD = "gnu++14";
				CLANG_CXX_LIBRARY = "libc++";
				CLANG_ENABLE_MODULES = YES;
				CLANG_ENABLE_OBJC_ARC = YES;
				CLANG_ENABLE_OBJC_WEAK = YES;
				CLANG_WARN_BLOCK_CAPTURE_AUTORELEASING = YES;
				CLANG_WARN_BOOL_CONVERSION = YES;
				CLANG_WARN_COMMA = YES;
				CLANG_WARN_CONSTANT_CONVERSION = YES;
				CLANG_WARN_DEPRECATED_OBJC_IMPLEMENTATIONS = YES;
				CLANG_WARN_DIRECT_OBJC_ISA_USAGE = YES_ERROR;
				CLANG_WARN_DOCUMENTATION_COMMENTS = YES;
				CLANG_WARN_EMPTY_BODY = YES;
				CLANG_WARN_ENUM_CONVERSION = YES;
				CLANG_WARN_INFINITE_RECURSION = YES;
				CLANG_WARN_INT_CONVERSION = YES;
				CLANG_WARN_NON_LITERAL_NULL_CONVERSION = YES;
				CLANG_WARN_OBJC_IMPLICIT_RETAIN_SELF = YES;
				CLANG_WARN_OBJC_LITERAL_CONVERSION = YES;
				CLANG_WARN_OBJC_ROOT_CLASS = YES_ERROR;
				CLANG_WARN_RANGE_LOOP_ANALYSIS = YES;
				CLANG_WARN_STRICT_PROTOTYPES = YES;
				CLANG_WARN_SUSPICIOUS_MOVE = YES;
				CLANG_WARN_UNGUARDED_AVAILABILITY = YES_AGGRESSIVE;
				CLANG_WARN_UNREACHABLE_CODE = YES;
				CLANG_WARN__DUPLICATE_METHOD_MATCH = YES;
				COPY_PHASE_STRIP = NO;
				DEBUG_INFORMATION_FORMAT = "dwarf-with-dsym";
				ENABLE_NS_ASSERTIONS = NO;
				ENABLE_STRICT_OBJC_MSGSEND = YES;
				GCC_C_LANGUAGE_STANDARD = gnu11;
				GCC_NO_COMMON_BLOCKS = YES;
				GCC_WARN_64_TO_32_BIT_CONVERSION = YES;
				GCC_WARN_ABOUT_RETURN_TYPE = YES_ERROR;
				GCC_WARN_UNDECLARED_SELECTOR = YES;
				GCC_WARN_UNINITIALIZED_AUTOS = YES_AGGRESSIVE;
				GCC_WARN_UNUSED_FUNCTION = YES;
				GCC_WARN_UNUSED_VARIABLE = YES;
				IPHONEOS_DEPLOYMENT_TARGET = 13.2;
				MTL_ENABLE_DEBUG_INFO = NO;
				MTL_FAST_MATH = YES;
				SDKROOT = iphoneos;
				SWIFT_COMPILATION_MODE = wholemodule;
				SWIFT_OPTIMIZATION_LEVEL = "-O";
				VALIDATE_PRODUCT = YES;
			};
			name = Release;
		};
		D4F0C24F249DCFD200283BE1 /* Debug */ = {
			isa = XCBuildConfiguration;
			buildSettings = {
				ASSETCATALOG_COMPILER_APPICON_NAME = AppIcon;
				CODE_SIGN_STYLE = Automatic;
				INFOPLIST_FILE = "Microsoft-OCR-Translation/Info.plist";
				LD_RUNPATH_SEARCH_PATHS = (
					"$(inherited)",
					"@executable_path/Frameworks",
				);
				PRODUCT_BUNDLE_IDENTIFIER = "com.pk.poc.Microsoft-OCR-Translation";
				PRODUCT_NAME = "$(TARGET_NAME)";
				SWIFT_VERSION = 5.0;
				TARGETED_DEVICE_FAMILY = "1,2";
			};
			name = Debug;
		};
		D4F0C250249DCFD200283BE1 /* Release */ = {
			isa = XCBuildConfiguration;
			buildSettings = {
				ASSETCATALOG_COMPILER_APPICON_NAME = AppIcon;
				CODE_SIGN_STYLE = Automatic;
				INFOPLIST_FILE = "Microsoft-OCR-Translation/Info.plist";
				LD_RUNPATH_SEARCH_PATHS = (
					"$(inherited)",
					"@executable_path/Frameworks",
				);
				PRODUCT_BUNDLE_IDENTIFIER = "com.pk.poc.Microsoft-OCR-Translation";
				PRODUCT_NAME = "$(TARGET_NAME)";
				SWIFT_VERSION = 5.0;
				TARGETED_DEVICE_FAMILY = "1,2";
			};
			name = Release;
		};
/* End XCBuildConfiguration section */

/* Begin XCConfigurationList section */
		D4F0C235249DCFCE00283BE1 /* Build configuration list for PBXProject "Microsoft-OCR-Translation" */ = {
			isa = XCConfigurationList;
			buildConfigurations = (
				D4F0C24C249DCFD200283BE1 /* Debug */,
				D4F0C24D249DCFD200283BE1 /* Release */,
			);
			defaultConfigurationIsVisible = 0;
			defaultConfigurationName = Release;
		};
		D4F0C24E249DCFD200283BE1 /* Build configuration list for PBXNativeTarget "Microsoft-OCR-Translation" */ = {
			isa = XCConfigurationList;
			buildConfigurations = (
				D4F0C24F249DCFD200283BE1 /* Debug */,
				D4F0C250249DCFD200283BE1 /* Release */,
			);
			defaultConfigurationIsVisible = 0;
			defaultConfigurationName = Release;
		};
/* End XCConfigurationList section */
	};
	rootObject = D4F0C232249DCFCE00283BE1 /* Project object */;
}
